
Microsoft Visual Studio Solution File, Format Version 12.00
# Visual Studio Version 16
VisualStudioVersion = 16.0.29209.152
MinimumVisualStudioVersion = 10.0.40219.1
Project("{FAE04EC0-301F-11D3-BF4B-00C04F79EFBC}") = "QQGod", "QQGod\QQGod.csproj", "{7BCE7772-C900-462D-A378-6BC90154E315}"
EndProject
Global
	GlobalSection(SolutionConfigurationPlatforms) = preSolution
		Debug|Any CPU = Debug|Any CPU
		Debug|x86 = Debug|x86
		Release|Any CPU = Release|Any CPU
		Release|x86 = Release|x86
	EndGlobalSection
	GlobalSection(ProjectConfigurationPlatforms) = postSolution
		{7BCE7772-C900-462D-A378-6BC90154E315}.Debug|Any CPU.ActiveCfg = Debug|Any CPU
		{7BCE7772-C900-462D-A378-6BC90154E315}.Debug|Any CPU.Build.0 = Debug|Any CPU
		{7BCE7772-C900-462D-A378-6BC90154E315}.Debug|x86.ActiveCfg = Debug|x86
		{7BCE7772-C900-462D-A378-6BC90154E315}.Debug|x86.Build.0 = Debug|x86
		{7BCE7772-C900-462D-A378-6BC90154E315}.Release|Any CPU.ActiveCfg = Release|Any CPU
		{7BCE7772-C900-462D-A378-6BC90154E315}.Release|Any CPU.Build.0 = Release|Any CPU
		{7BCE7772-C900-462D-A378-6BC90154E315}.Release|x86.ActiveCfg = Release|x86
		{7BCE7772-C900-462D-A378-6BC90154E315}.Release|x86.Build.0 = Release|x86
	EndGlobalSection
	GlobalSection(SolutionProperties) = preSolution
		HideSolutionNode = FALSE
	EndGlobalSection
	GlobalSection(ExtensibilityGlobals) = postSolution
		SolutionGuid = {4A2EDEDD-6A16-4920-B776-9B6F83044AD9}
	EndGlobalSection
EndGlobal
